
Microsoft Visual Studio Solution File, Format Version 12.00
# Visual Studio Version 17
VisualStudioVersion = 17.3.32929.385
MinimumVisualStudioVersion = 10.0.40219.1
Project("{9A19103F-16F7-4668-BE54-9A1E7A4F7556}") = "DemoCLI", "DemoCLI.csproj", "{D76A0284-FE64-4E16-AC7A-64EDE4564FAE}"
EndProject
Global
	GlobalSection(SolutionConfigurationPlatforms) = preSolution
		Debug|Any CPU = Debug|Any CPU
		Release|Any CPU = Release|Any CPU
	EndGlobalSection
	GlobalSection(ProjectConfigurationPlatforms) = postSolution
		{D76A0284-FE64-4E16-AC7A-64EDE4564FAE}.Debug|Any CPU.ActiveCfg = Debug|Any CPU
		{D76A0284-FE64-4E16-AC7A-64EDE4564FAE}.Debug|Any CPU.Build.0 = Debug|Any CPU
		{D76A0284-FE64-4E16-AC7A-64EDE4564FAE}.Release|Any CPU.ActiveCfg = Release|Any CPU
		{D76A0284-FE64-4E16-AC7A-64EDE4564FAE}.Release|Any CPU.Build.0 = Release|Any CPU
	EndGlobalSection
	GlobalSection(SolutionProperties) = preSolution
		HideSolutionNode = FALSE
	EndGlobalSection
	GlobalSection(ExtensibilityGlobals) = postSolution
		SolutionGuid = {5D5374A5-C99B-4FDD-B7BF-C72CCA07A1D7}
	EndGlobalSection
EndGlobal
